// !$*UTF8*$!
{
	archiveVersion = 1;
	classes = {
	};
	objectVersion = 46;
	objects = {

/* Begin PBXBuildFile section */
		451057AA1C6EF28B0093DBDF /* AppDelegate.swift in Sources */ = {isa = PBXBuildFile; fileRef = 451057A91C6EF28B0093DBDF /* AppDelegate.swift */; };
		451057AC1C6EF28B0093DBDF /* ViewController.swift in Sources */ = {isa = PBXBuildFile; fileRef = 451057AB1C6EF28B0093DBDF /* ViewController.swift */; };
		451057B11C6EF28B0093DBDF /* Assets.xcassets in Resources */ = {isa = PBXBuildFile; fileRef = 451057B01C6EF28B0093DBDF /* Assets.xcassets */; };
		451057D91C6EF31E0093DBDF /* LaunchScreen.storyboard in Resources */ = {isa = PBXBuildFile; fileRef = 451057D71C6EF31E0093DBDF /* LaunchScreen.storyboard */; };
		451057DA1C6EF31E0093DBDF /* Main.storyboard in Resources */ = {isa = PBXBuildFile; fileRef = 451057D81C6EF31E0093DBDF /* Main.storyboard */; };
/* End PBXBuildFile section */

/* Begin PBXContainerItemProxy section */
		451057BB1C6EF28B0093DBDF /* PBXContainerItemProxy */ = {
			isa = PBXContainerItemProxy;
			containerPortal = 4510579E1C6EF28B0093DBDF /* Project object */;
			proxyType = 1;
			remoteGlobalIDString = 451057A51C6EF28B0093DBDF;
			remoteInfo = indicer;
		};
		451057C61C6EF28B0093DBDF /* PBXContainerItemProxy */ = {
			isa = PBXContainerItemProxy;
			containerPortal = 4510579E1C6EF28B0093DBDF /* Project object */;
			proxyType = 1;
			remoteGlobalIDString = 451057A51C6EF28B0093DBDF;
			remoteInfo = indicer;
		};
/* End PBXContainerItemProxy section */

/* Begin PBXFileReference section */
		451057A61C6EF28B0093DBDF /* indicer.app */ = {isa = PBXFileReference; explicitFileType = wrapper.application; includeInIndex = 0; path = indicer.app; sourceTree = BUILT_PRODUCTS_DIR; };
		451057A91C6EF28B0093DBDF /* AppDelegate.swift */ = {isa = PBXFileReference; lastKnownFileType = sourcecode.swift; path = AppDelegate.swift; sourceTree = "<group>"; };
		451057AB1C6EF28B0093DBDF /* ViewController.swift */ = {isa = PBXFileReference; lastKnownFileType = sourcecode.swift; path = ViewController.swift; sourceTree = "<group>"; };
		451057B01C6EF28B0093DBDF /* Assets.xcassets */ = {isa = PBXFileReference; lastKnownFileType = folder.assetcatalog; path = Assets.xcassets; sourceTree = "<group>"; };
		451057B51C6EF28B0093DBDF /* Info.plist */ = {isa = PBXFileReference; lastKnownFileType = text.plist.xml; path = Info.plist; sourceTree = "<group>"; };
		451057BA1C6EF28B0093DBDF /* indicerTests.xctest */ = {isa = PBXFileReference; explicitFileType = wrapper.cfbundle; includeInIndex = 0; path = indicerTests.xctest; sourceTree = BUILT_PRODUCTS_DIR; };
		451057C51C6EF28B0093DBDF /* indicerUITests.xctest */ = {isa = PBXFileReference; explicitFileType = wrapper.cfbundle; includeInIndex = 0; path = indicerUITests.xctest; sourceTree = BUILT_PRODUCTS_DIR; };
		451057D71C6EF31E0093DBDF /* LaunchScreen.storyboard */ = {isa = PBXFileReference; fileEncoding = 4; lastKnownFileType = file.storyboard; path = LaunchScreen.storyboard; sourceTree = "<group>"; };
		451057D81C6EF31E0093DBDF /* Main.storyboard */ = {isa = PBXFileReference; fileEncoding = 4; lastKnownFileType = file.storyboard; path = Main.storyboard; sourceTree = "<group>"; };
/* End PBXFileReference section */

/* Begin PBXFrameworksBuildPhase section */
		451057A31C6EF28B0093DBDF /* Frameworks */ = {
			isa = PBXFrameworksBuildPhase;
			buildActionMask = 2147483647;
			files = (
			);
			runOnlyForDeploymentPostprocessing = 0;
		};
		451057B71C6EF28B0093DBDF /* Frameworks */ = {
			isa = PBXFrameworksBuildPhase;
			buildActionMask = 2147483647;
			files = (
			);
			runOnlyForDeploymentPostprocessing = 0;
		};
		451057C21C6EF28B0093DBDF /* Frameworks */ = {
			isa = PBXFrameworksBuildPhase;
			buildActionMask = 2147483647;
			files = (
			);
			runOnlyForDeploymentPostprocessing = 0;
		};
/* End PBXFrameworksBuildPhase section */

/* Begin PBXGroup section */
		4510579D1C6EF28B0093DBDF = {
			isa = PBXGroup;
			children = (
				451057A81C6EF28B0093DBDF /* indicer */,
				451057A71C6EF28B0093DBDF /* Products */,
			);
			sourceTree = "<group>";
		};
		451057A71C6EF28B0093DBDF /* Products */ = {
			isa = PBXGroup;
			children = (
				451057A61C6EF28B0093DBDF /* indicer.app */,
				451057BA1C6EF28B0093DBDF /* indicerTests.xctest */,
				451057C51C6EF28B0093DBDF /* indicerUITests.xctest */,
			);
			name = Products;
			sourceTree = "<group>";
		};
		451057A81C6EF28B0093DBDF /* indicer */ = {
			isa = PBXGroup;
			children = (
				451057A91C6EF28B0093DBDF /* AppDelegate.swift */,
				451057AB1C6EF28B0093DBDF /* ViewController.swift */,
				451057D81C6EF31E0093DBDF /* Main.storyboard */,
				451057B01C6EF28B0093DBDF /* Assets.xcassets */,
				451057D71C6EF31E0093DBDF /* LaunchScreen.storyboard */,
				451057B51C6EF28B0093DBDF /* Info.plist */,
			);
			path = indicer;
			sourceTree = "<group>";
		};
/* End PBXGroup section */

/* Begin PBXNativeTarget section */
		451057A51C6EF28B0093DBDF /* indicer */ = {
			isa = PBXNativeTarget;
			buildConfigurationList = 451057CE1C6EF28B0093DBDF /* Build configuration list for PBXNativeTarget "indicer" */;
			buildPhases = (
				451057A21C6EF28B0093DBDF /* Sources */,
				451057A31C6EF28B0093DBDF /* Frameworks */,
				451057A41C6EF28B0093DBDF /* Resources */,
			);
			buildRules = (
			);
			dependencies = (
			);
			name = indicer;
			productName = indicer;
			productReference = 451057A61C6EF28B0093DBDF /* indicer.app */;
			productType = "com.apple.product-type.application";
		};
		451057B91C6EF28B0093DBDF /* indicerTests */ = {
			isa = PBXNativeTarget;
			buildConfigurationList = 451057D11C6EF28B0093DBDF /* Build configuration list for PBXNativeTarget "indicerTests" */;
			buildPhases = (
				451057B61C6EF28B0093DBDF /* Sources */,
				451057B71C6EF28B0093DBDF /* Frameworks */,
				451057B81C6EF28B0093DBDF /* Resources */,
			);
			buildRules = (
			);
			dependencies = (
				451057BC1C6EF28B0093DBDF /* PBXTargetDependency */,
			);
			name = indicerTests;
			productName = indicerTests;
			productReference = 451057BA1C6EF28B0093DBDF /* indicerTests.xctest */;
			productType = "com.apple.product-type.bundle.unit-test";
		};
		451057C41C6EF28B0093DBDF /* indicerUITests */ = {
			isa = PBXNativeTarget;
			buildConfigurationList = 451057D41C6EF28B0093DBDF /* Build configuration list for PBXNativeTarget "indicerUITests" */;
			buildPhases = (
				451057C11C6EF28B0093DBDF /* Sources */,
				451057C21C6EF28B0093DBDF /* Frameworks */,
				451057C31C6EF28B0093DBDF /* Resources */,
			);
			buildRules = (
			);
			dependencies = (
				451057C71C6EF28B0093DBDF /* PBXTargetDependency */,
			);
			name = indicerUITests;
			productName = indicerUITests;
			productReference = 451057C51C6EF28B0093DBDF /* indicerUITests.xctest */;
			productType = "com.apple.product-type.bundle.ui-testing";
		};
/* End PBXNativeTarget section */

/* Begin PBXProject section */
		4510579E1C6EF28B0093DBDF /* Project object */ = {
			isa = PBXProject;
			attributes = {
				LastSwiftUpdateCheck = 0720;
				LastUpgradeCheck = 0720;
				ORGANIZATIONNAME = "Island Pixel Works";
				TargetAttributes = {
					451057A51C6EF28B0093DBDF = {
						CreatedOnToolsVersion = 7.2;
					};
					451057B91C6EF28B0093DBDF = {
						CreatedOnToolsVersion = 7.2;
						TestTargetID = 451057A51C6EF28B0093DBDF;
					};
					451057C41C6EF28B0093DBDF = {
						CreatedOnToolsVersion = 7.2;
						TestTargetID = 451057A51C6EF28B0093DBDF;
					};
				};
			};
			buildConfigurationList = 451057A11C6EF28B0093DBDF /* Build configuration list for PBXProject "indicer" */;
			compatibilityVersion = "Xcode 3.2";
			developmentRegion = English;
			hasScannedForEncodings = 0;
			knownRegions = (
				en,
				Base,
			);
			mainGroup = 4510579D1C6EF28B0093DBDF;
			productRefGroup = 451057A71C6EF28B0093DBDF /* Products */;
			projectDirPath = "";
			projectRoot = "";
			targets = (
				451057A51C6EF28B0093DBDF /* indicer */,
				451057B91C6EF28B0093DBDF /* indicerTests */,
				451057C41C6EF28B0093DBDF /* indicerUITests */,
			);
		};
/* End PBXProject section */

/* Begin PBXResourcesBuildPhase section */
		451057A41C6EF28B0093DBDF /* Resources */ = {
			isa = PBXResourcesBuildPhase;
			buildActionMask = 2147483647;
			files = (
				451057DA1C6EF31E0093DBDF /* Main.storyboard in Resources */,
				451057B11C6EF28B0093DBDF /* Assets.xcassets in Resources */,
				451057D91C6EF31E0093DBDF /* LaunchScreen.storyboard in Resources */,
			);
			runOnlyForDeploymentPostprocessing = 0;
		};
		451057B81C6EF28B0093DBDF /* Resources */ = {
			isa = PBXResourcesBuildPhase;
			buildActionMask = 2147483647;
			files = (
			);
			runOnlyForDeploymentPostprocessing = 0;
		};
		451057C31C6EF28B0093DBDF /* Resources */ = {
			isa = PBXResourcesBuildPhase;
			buildActionMask = 2147483647;
			files = (
			);
			runOnlyForDeploymentPostprocessing = 0;
		};
/* End PBXResourcesBuildPhase section */

/* Begin PBXSourcesBuildPhase section */
		451057A21C6EF28B0093DBDF /* Sources */ = {
			isa = PBXSourcesBuildPhase;
			buildActionMask = 2147483647;
			files = (
				451057AC1C6EF28B0093DBDF /* ViewController.swift in Sources */,
				451057AA1C6EF28B0093DBDF /* AppDelegate.swift in Sources */,
			);
			runOnlyForDeploymentPostprocessing = 0;
		};
		451057B61C6EF28B0093DBDF /* Sources */ = {
			isa = PBXSourcesBuildPhase;
			buildActionMask = 2147483647;
			files = (
			);
			runOnlyForDeploymentPostprocessing = 0;
		};
		451057C11C6EF28B0093DBDF /* Sources */ = {
			isa = PBXSourcesBuildPhase;
			buildActionMask = 2147483647;
			files = (
			);
			runOnlyForDeploymentPostprocessing = 0;
		};
/* End PBXSourcesBuildPhase section */

/* Begin PBXTargetDependency section */
		451057BC1C6EF28B0093DBDF /* PBXTargetDependency */ = {
			isa = PBXTargetDependency;
			target = 451057A51C6EF28B0093DBDF /* indicer */;
			targetProxy = 451057BB1C6EF28B0093DBDF /* PBXContainerItemProxy */;
		};
		451057C71C6EF28B0093DBDF /* PBXTargetDependency */ = {
			isa = PBXTargetDependency;
			target = 451057A51C6EF28B0093DBDF /* indicer */;
			targetProxy = 451057C61C6EF28B0093DBDF /* PBXContainerItemProxy */;
		};
/* End PBXTargetDependency section */

/* Begin XCBuildConfiguration section */
		451057CC1C6EF28B0093DBDF /* Debug */ = {
			isa = XCBuildConfiguration;
			buildSettings = {
				ALWAYS_SEARCH_USER_PATHS = NO;
				CLANG_CXX_LANGUAGE_STANDARD = "gnu++0x";
				CLANG_CXX_LIBRARY = "libc++";
				CLANG_ENABLE_MODULES = YES;
				CLANG_ENABLE_OBJC_ARC = YES;
				CLANG_WARN_BOOL_CONVERSION = YES;
				CLANG_WARN_CONSTANT_CONVERSION = YES;
				CLANG_WARN_DIRECT_OBJC_ISA_USAGE = YES_ERROR;
				CLANG_WARN_EMPTY_BODY = YES;
				CLANG_WARN_ENUM_CONVERSION = YES;
				CLANG_WARN_INT_CONVERSION = YES;
				CLANG_WARN_OBJC_ROOT_CLASS = YES_ERROR;
				CLANG_WARN_UNREACHABLE_CODE = YES;
				CLANG_WARN__DUPLICATE_METHOD_MATCH = YES;
				"CODE_SIGN_IDENTITY[sdk=iphoneos*]" = "iPhone Developer";
				COPY_PHASE_STRIP = NO;
				DEBUG_INFORMATION_FORMAT = dwarf;
				ENABLE_STRICT_OBJC_MSGSEND = YES;
				ENABLE_TESTABILITY = YES;
				GCC_C_LANGUAGE_STANDARD = gnu99;
				GCC_DYNAMIC_NO_PIC = NO;
				GCC_NO_COMMON_BLOCKS = YES;
				GCC_OPTIMIZATION_LEVEL = 0;
				GCC_PREPROCESSOR_DEFINITIONS = (
					"DEBUG=1",
					"$(inherited)",
				);
				GCC_WARN_64_TO_32_BIT_CONVERSION = YES;
				GCC_WARN_ABOUT_RETURN_TYPE = YES_ERROR;
				GCC_WARN_UNDECLARED_SELECTOR = YES;
				GCC_WARN_UNINITIALIZED_AUTOS = YES_AGGRESSIVE;
				GCC_WARN_UNUSED_FUNCTION = YES;
				GCC_WARN_UNUSED_VARIABLE = YES;
				IPHONEOS_DEPLOYMENT_TARGET = 9.2;
				MTL_ENABLE_DEBUG_INFO = YES;
				ONLY_ACTIVE_ARCH = YES;
				SDKROOT = iphoneos;
				SWIFT_OPTIMIZATION_LEVEL = "-Onone";
				TARGETED_DEVICE_FAMILY = "1,2";
			};
			name = Debug;
		};
		451057CD1C6EF28B0093DBDF /* Release */ = {
			isa = XCBuildConfiguration;
			buildSettings = {
				ALWAYS_SEARCH_USER_PATHS = NO;
				CLANG_CXX_LANGUAGE_STANDARD = "gnu++0x";
				CLANG_CXX_LIBRARY = "libc++";
				CLANG_ENABLE_MODULES = YES;
				CLANG_ENABLE_OBJC_ARC = YES;
				CLANG_WARN_BOOL_CONVERSION = YES;
				CLANG_WARN_CONSTANT_CONVERSION = YES;
				CLANG_WARN_DIRECT_OBJC_ISA_USAGE = YES_ERROR;
				CLANG_WARN_EMPTY_BODY = YES;
				CLANG_WARN_ENUM_CONVERSION = YES;
				CLANG_WARN_INT_CONVERSION = YES;
				CLANG_WARN_OBJC_ROOT_CLASS = YES_ERROR;
				CLANG_WARN_UNREACHABLE_CODE = YES;
				CLANG_WARN__DUPLICATE_METHOD_MATCH = YES;
				"CODE_SIGN_IDENTITY[sdk=iphoneos*]" = "iPhone Developer";
				COPY_PHASE_STRIP = NO;
				DEBUG_INFORMATION_FORMAT = "dwarf-with-dsym";
				ENABLE_NS_ASSERTIONS = NO;
				ENABLE_STRICT_OBJC_MSGSEND = YES;
				GCC_C_LANGUAGE_STANDARD = gnu99;
				GCC_NO_COMMON_BLOCKS = YES;
				GCC_WARN_64_TO_32_BIT_CONVERSION = YES;
				GCC_WARN_ABOUT_RETURN_TYPE = YES_ERROR;
				GCC_WARN_UNDECLARED_SELECTOR = YES;
				GCC_WARN_UNINITIALIZED_AUTOS = YES_AGGRESSIVE;
				GCC_WARN_UNUSED_FUNCTION = YES;
				GCC_WARN_UNUSED_VARIABLE = YES;
				IPHONEOS_DEPLOYMENT_TARGET = 9.2;
				MTL_ENABLE_DEBUG_INFO = NO;
				SDKROOT = iphoneos;
				TARGETED_DEVICE_FAMILY = "1,2";
				VALIDATE_PRODUCT = YES;
			};
			name = Release;
		};
		451057CF1C6EF28B0093DBDF /* Debug */ = {
			isa = XCBuildConfiguration;
			buildSettings = {
				ASSETCATALOG_COMPILER_APPICON_NAME = AppIcon;
				INFOPLIST_FILE = indicer/Info.plist;
				LD_RUNPATH_SEARCH_PATHS = "$(inherited) @executable_path/Frameworks";
				PRODUCT_BUNDLE_IDENTIFIER = com.IslandPixelWorks.indicer;
				PRODUCT_NAME = "$(TARGET_NAME)";
			};
			name = Debug;
		};
		451057D01C6EF28B0093DBDF /* Release */ = {
			isa = XCBuildConfiguration;
			buildSettings = {
				ASSETCATALOG_COMPILER_APPICON_NAME = AppIcon;
				INFOPLIST_FILE = indicer/Info.plist;
				LD_RUNPATH_SEARCH_PATHS = "$(inherited) @executable_path/Frameworks";
				PRODUCT_BUNDLE_IDENTIFIER = com.IslandPixelWorks.indicer;
				PRODUCT_NAME = "$(TARGET_NAME)";
			};
			name = Release;
		};
		451057D21C6EF28B0093DBDF /* Debug */ = {
			isa = XCBuildConfiguration;
			buildSettings = {
				BUNDLE_LOADER = "$(TEST_HOST)";
				INFOPLIST_FILE = indicerTests/Info.plist;
				LD_RUNPATH_SEARCH_PATHS = "$(inherited) @executable_path/Frameworks @loader_path/Frameworks";
				PRODUCT_BUNDLE_IDENTIFIER = com.IslandPixelWorks.indicerTests;
				PRODUCT_NAME = "$(TARGET_NAME)";
				TEST_HOST = "$(BUILT_PRODUCTS_DIR)/indicer.app/indicer";
			};
			name = Debug;
		};
		451057D31C6EF28B0093DBDF /* Release */ = {
			isa = XCBuildConfiguration;
			buildSettings = {
				BUNDLE_LOADER = "$(TEST_HOST)";
				INFOPLIST_FILE = indicerTests/Info.plist;
				LD_RUNPATH_SEARCH_PATHS = "$(inherited) @executable_path/Frameworks @loader_path/Frameworks";
				PRODUCT_BUNDLE_IDENTIFIER = com.IslandPixelWorks.indicerTests;
				PRODUCT_NAME = "$(TARGET_NAME)";
				TEST_HOST = "$(BUILT_PRODUCTS_DIR)/indicer.app/indicer";
			};
			name = Release;
		};
		451057D51C6EF28B0093DBDF /* Debug */ = {
			isa = XCBuildConfiguration;
			buildSettings = {
				INFOPLIST_FILE = indicerUITests/Info.plist;
				LD_RUNPATH_SEARCH_PATHS = "$(inherited) @executable_path/Frameworks @loader_path/Frameworks";
				PRODUCT_BUNDLE_IDENTIFIER = com.IslandPixelWorks.indicerUITests;
				PRODUCT_NAME = "$(TARGET_NAME)";
				TEST_TARGET_NAME = indicer;
				USES_XCTRUNNER = YES;
			};
			name = Debug;
		};
		451057D61C6EF28B0093DBDF /* Release */ = {
			isa = XCBuildConfiguration;
			buildSettings = {
				INFOPLIST_FILE = indicerUITests/Info.plist;
				LD_RUNPATH_SEARCH_PATHS = "$(inherited) @executable_path/Frameworks @loader_path/Frameworks";
				PRODUCT_BUNDLE_IDENTIFIER = com.IslandPixelWorks.indicerUITests;
				PRODUCT_NAME = "$(TARGET_NAME)";
				TEST_TARGET_NAME = indicer;
				USES_XCTRUNNER = YES;
			};
			name = Release;
		};
/* End XCBuildConfiguration section */

/* Begin XCConfigurationList section */
		451057A11C6EF28B0093DBDF /* Build configuration list for PBXProject "indicer" */ = {
			isa = XCConfigurationList;
			buildConfigurations = (
				451057CC1C6EF28B0093DBDF /* Debug */,
				451057CD1C6EF28B0093DBDF /* Release */,
			);
			defaultConfigurationIsVisible = 0;
			defaultConfigurationName = Release;
		};
		451057CE1C6EF28B0093DBDF /* Build configuration list for PBXNativeTarget "indicer" */ = {
			isa = XCConfigurationList;
			buildConfigurations = (
				451057CF1C6EF28B0093DBDF /* Debug */,
				451057D01C6EF28B0093DBDF /* Release */,
			);
			defaultConfigurationIsVisible = 0;
			defaultConfigurationName = Release;
		};
		451057D11C6EF28B0093DBDF /* Build configuration list for PBXNativeTarget "indicerTests" */ = {
			isa = XCConfigurationList;
			buildConfigurations = (
				451057D21C6EF28B0093DBDF /* Debug */,
				451057D31C6EF28B0093DBDF /* Release */,
			);
			defaultConfigurationIsVisible = 0;
			defaultConfigurationName = Release;
		};
		451057D41C6EF28B0093DBDF /* Build configuration list for PBXNativeTarget "indicerUITests" */ = {
			isa = XCConfigurationList;
			buildConfigurations = (
				451057D51C6EF28B0093DBDF /* Debug */,
				451057D61C6EF28B0093DBDF /* Release */,
			);
			defaultConfigurationIsVisible = 0;
			defaultConfigurationName = Release;
		};
/* End XCConfigurationList section */
	};
	rootObject = 4510579E1C6EF28B0093DBDF /* Project object */;
}
